{
  "lockfile_version": "1",
  "packages": {
    "clang@18.1.8": {
      "last_modified": "2024-09-10T15:01:03Z",
      "resolved": "github:NixOS/nixpkgs/5ed627539ac84809c78b2dd6d26a5cebeb5ae269#clang",
      "source": "devbox-search",
      "version": "18.1.8",
      "systems": {
        "aarch64-linux": {
          "store_path": "/nix/store/r05x7gzyxq4j1yj6vqbjwcc41yaab948-clang-wrapper-18.1.8"
        },
        "x86_64-linux": {
          "store_path": "/nix/store/4rz4z2bkb68vwbdxcwq0jxh2fyhhiqkh-clang-wrapper-18.1.8"
        }
      }
    },
    "glibc@latest": {
      "last_modified": "2024-10-06T21:15:53Z",
      "resolved": "github:NixOS/nixpkgs/c8a17040be4a20b29589cb4043a9e0c36af1930e#glibc",
      "source": "devbox-search",
      "version": "2.39-52",
      "systems": {
        "aarch64-linux": {
          "outputs": [
            {
              "name": "out",
              "path": "/nix/store/mvsq4z2g9l05vfwdkr9nihbxyxm18nak-glibc-2.39-52",
              "default": true
            },
            {
              "name": "bin",
              "path": "/nix/store/f6avack1dn0m6iyfb0szgnvwjngphia0-glibc-2.39-52-bin",
              "default": true
            },
            {
              "name": "static",
              "path": "/nix/store/ysxjhqyqlxp5hpvxzv20anagqis0psf7-glibc-2.39-52-static"
            },
            {
              "name": "debug",
              "path": "/nix/store/f7gav6n03mvan1ab556ih8dnyq8p4g1m-glibc-2.39-52-debug"
            },
            {
              "name": "dev",
              "path": "/nix/store/970mrbrvg7gnbhgm59smc2vmc5wv91s3-glibc-2.39-52-dev"
            },
            {
              "name": "getent",
              "path": "/nix/store/ynwy3gb68pmp74asvd95wnfdigkn31sf-glibc-2.39-52-getent"
            }
          ],
          "store_path": "/nix/store/mvsq4z2g9l05vfwdkr9nihbxyxm18nak-glibc-2.39-52"
        },
        "x86_64-linux": {
          "outputs": [
            {
              "name": "out",
              "path": "/nix/store/3dyw8dzj9ab4m8hv5dpyx7zii8d0w6fi-glibc-2.39-52",
              "default": true
            },
            {
              "name": "bin",
              "path": "/nix/store/k4jv8fr725amxalmplzhnlyik93wvk3z-glibc-2.39-52-bin",
              "default": true
            },
            {
              "name": "dev",
              "path": "/nix/store/wlavaybjbzgllhq11lib6qgr7rm8imgp-glibc-2.39-52-dev"
            },
            {
              "name": "getent",
              "path": "/nix/store/jimhqfkgwjcp12wylw64xcwa6il5nx47-glibc-2.39-52-getent"
            },
            {
              "name": "static",
              "path": "/nix/store/y6bk80q2srr75db0psplh0k3x74bjnrd-glibc-2.39-52-static"
            },
            {
              "name": "debug",
              "path": "/nix/store/xgac3z4w4iillaq7wsa8mlc3z7i0hwhc-glibc-2.39-52-debug"
            }
          ],
          "store_path": "/nix/store/3dyw8dzj9ab4m8hv5dpyx7zii8d0w6fi-glibc-2.39-52"
        }
      }
    },
    "libiconv@2.40": {
      "last_modified": "2024-11-16T04:25:12Z",
      "resolved": "github:NixOS/nixpkgs/34a626458d686f1b58139620a8b2793e9e123bba#libiconv",
      "source": "devbox-search",
      "version": "2.40",
      "systems": {
        "aarch64-linux": {
          "outputs": [
            {
              "name": "out",
              "path": "/nix/store/vmj98hrwfjba7rsqml99gvv7ad0x2a4x-glibc-iconv-2.40",
              "default": true
            }
          ],
          "store_path": "/nix/store/vmj98hrwfjba7rsqml99gvv7ad0x2a4x-glibc-iconv-2.40"
        },
        "x86_64-linux": {
          "outputs": [
            {
              "name": "out",
              "path": "/nix/store/nx02dmkq0kv0jdi4dksy49dxvhg75lxb-glibc-iconv-2.40",
              "default": true
            }
          ],
          "store_path": "/nix/store/nx02dmkq0kv0jdi4dksy49dxvhg75lxb-glibc-iconv-2.40"
        }
      }
    },
    "python312Packages.tkinter@3.12.7": {
      "last_modified": "2024-11-03T14:18:04Z",
      "resolved": "github:NixOS/nixpkgs/4ae2e647537bcdbb82265469442713d066675275#python312Packages.tkinter",
      "source": "devbox-search",
      "version": "3.12.7",
      "systems": {
        "aarch64-darwin": {
          "outputs": [
            {
              "name": "out",
              "path": "/nix/store/0na54zy5sv16ivsk122hn7p1yn1gnzsm-python3.12-tkinter-3.12.7",
              "default": true
            }
          ],
          "store_path": "/nix/store/0na54zy5sv16ivsk122hn7p1yn1gnzsm-python3.12-tkinter-3.12.7"
        },
        "aarch64-linux": {
          "outputs": [
            {
              "name": "out",
              "path": "/nix/store/i01cjjn1ab6ind57adkp8ddxsmhksxw3-python3.12-tkinter-3.12.7",
              "default": true
            }
          ],
          "store_path": "/nix/store/i01cjjn1ab6ind57adkp8ddxsmhksxw3-python3.12-tkinter-3.12.7"
        },
        "x86_64-darwin": {
          "outputs": [
            {
              "name": "out",
              "path": "/nix/store/4p0ad0py36b1xacxzhs5g39bkald6240-python3.12-tkinter-3.12.7",
              "default": true
            }
          ],
          "store_path": "/nix/store/4p0ad0py36b1xacxzhs5g39bkald6240-python3.12-tkinter-3.12.7"
        },
        "x86_64-linux": {
          "outputs": [
            {
              "name": "out",
              "path": "/nix/store/r2xfwic1dhnn6cfx3nlkwdxs1c2jivck-python3.12-tkinter-3.12.7",
              "default": true
            }
          ],
          "store_path": "/nix/store/r2xfwic1dhnn6cfx3nlkwdxs1c2jivck-python3.12-tkinter-3.12.7"
        }
      }
    },
    "python@3.12.4": {
      "last_modified": "2024-08-14T11:41:26Z",
      "plugin_version": "0.0.4",
      "resolved": "github:NixOS/nixpkgs/0cb2fd7c59fed0cd82ef858cbcbdb552b9a33465#python3",
      "source": "devbox-search",
      "version": "3.12.4",
      "systems": {
        "aarch64-darwin": {
          "store_path": "/nix/store/xnm9sbp02pp2704dvx4kb8g0yxn263pn-python3-3.12.4"
        },
        "aarch64-linux": {
          "store_path": "/nix/store/wviq85xs5awfp75mj5sjq9mn1nkqhq12-python3-3.12.4"
        },
        "x86_64-darwin": {
          "store_path": "/nix/store/dc7kp6g4s76jlfjhjdpibjfc8pglhlcs-python3-3.12.4"
        },
        "x86_64-linux": {
          "store_path": "/nix/store/04gg5w1s662l329a8kh9xcwyp0k64v5a-python3-3.12.4"
        }
      }
    },
    "rustup@1.27.1": {
      "last_modified": "2024-11-16T04:25:12Z",
      "plugin_version": "0.0.1",
      "resolved": "github:NixOS/nixpkgs/34a626458d686f1b58139620a8b2793e9e123bba#rustup",
      "source": "devbox-search",
      "version": "1.27.1",
      "systems": {
        "aarch64-darwin": {
          "outputs": [
            {
              "name": "out",
              "path": "/nix/store/r5ianmsdnzv4fcri4q5895iap6qdk6qy-rustup-1.27.1",
              "default": true
            }
          ],
          "store_path": "/nix/store/r5ianmsdnzv4fcri4q5895iap6qdk6qy-rustup-1.27.1"
        },
        "aarch64-linux": {
          "outputs": [
            {
              "name": "out",
              "path": "/nix/store/ww3rykzf16ziagznwwk8qm2axc8nv8dn-rustup-1.27.1",
              "default": true
            }
          ],
          "store_path": "/nix/store/ww3rykzf16ziagznwwk8qm2axc8nv8dn-rustup-1.27.1"
        },
        "x86_64-darwin": {
          "outputs": [
            {
              "name": "out",
              "path": "/nix/store/z81whc9pw67a4lqgc5z2jbl4q2nsl58q-rustup-1.27.1",
              "default": true
            }
          ],
          "store_path": "/nix/store/z81whc9pw67a4lqgc5z2jbl4q2nsl58q-rustup-1.27.1"
        },
        "x86_64-linux": {
          "outputs": [
            {
              "name": "out",
              "path": "/nix/store/d1hc6cf5xdsak1r71af8l0aqvli0d0nc-rustup-1.27.1",
              "default": true
            }
          ],
          "store_path": "/nix/store/d1hc6cf5xdsak1r71af8l0aqvli0d0nc-rustup-1.27.1"
        }
      }
    },
    "stdenv.cc.cc.lib": {
      "resolved": "github:NixOS/nixpkgs/75a52265bda7fd25e06e3a67dee3f0354e73243c#stdenv.cc.cc.lib",
      "source": "nixpkg"
    },
    "valgrind-light@3.23.0": {
      "last_modified": "2024-09-08T08:36:32Z",
      "resolved": "github:NixOS/nixpkgs/17fb773308a8558abaa05b5df71cdaf3e5208e66#valgrind-light",
      "source": "devbox-search",
      "version": "3.23.0",
      "systems": {
        "aarch64-darwin": {
          "outputs": [
            {
              "name": "out",
              "path": "/nix/store/mwmxjyqx0zgkahd15rz7y7dla59zid22-valgrind-3.23.0",
              "default": true
            },
            {
              "name": "man",
              "path": "/nix/store/ialnrxx0d70f2qk89s5hqwg4a905dvvj-valgrind-3.23.0-man",
              "default": true
            },
            {
              "name": "dev",
              "path": "/nix/store/q5rpdfqyw809a1wd8hs0w27mbrzycyn0-valgrind-3.23.0-dev"
            },
            {
              "name": "doc",
              "path": "/nix/store/nhvzpk3xxb349mjqmp2vvsn48b8hxjbq-valgrind-3.23.0-doc"
            }
          ],
          "store_path": "/nix/store/mwmxjyqx0zgkahd15rz7y7dla59zid22-valgrind-3.23.0"
        },
        "aarch64-linux": {
          "outputs": [
            {
              "name": "out",
              "path": "/nix/store/38k3874h38gsyp4cpv79g5rfb4nprf63-valgrind-3.23.0",
              "default": true
            },
            {
              "name": "man",
              "path": "/nix/store/21xzfddasa6pj1qa0mrji4x6rqmx6a55-valgrind-3.23.0-man",
              "default": true
            },
            {
              "name": "dev",
              "path": "/nix/store/vrj60hwd8dj86biwmax0gg1ac11vfb6x-valgrind-3.23.0-dev"
            },
            {
              "name": "doc",
              "path": "/nix/store/c8nrf3pl08zc55dlhqz6b86sivg5brp6-valgrind-3.23.0-doc"
            },
            {
              "name": "debug",
              "path": "/nix/store/hw69hlcjr13i80i1lp6h8bs1jgrhb1xg-valgrind-3.23.0-debug"
            }
          ],
          "store_path": "/nix/store/38k3874h38gsyp4cpv79g5rfb4nprf63-valgrind-3.23.0"
        },
        "x86_64-darwin": {
          "outputs": [
            {
              "name": "out",
              "path": "/nix/store/1gh2mdq1fb556l01d4a7grbz5cfhgbrn-valgrind-3.23.0",
              "default": true
            },
            {
              "name": "man",
              "path": "/nix/store/vk0kx12d381p1d3yy0f3r8c7zg5qif0m-valgrind-3.23.0-man",
              "default": true
            },
            {
              "name": "dev",
              "path": "/nix/store/xfis9bxs6w9d8wv8ybkq355p4g5wvmx1-valgrind-3.23.0-dev"
            },
            {
              "name": "doc",
              "path": "/nix/store/sh7hypdjv57pxdysm1wz6h49hn8qp392-valgrind-3.23.0-doc"
            }
          ],
          "store_path": "/nix/store/1gh2mdq1fb556l01d4a7grbz5cfhgbrn-valgrind-3.23.0"
        },
        "x86_64-linux": {
          "outputs": [
            {
              "name": "out",
              "path": "/nix/store/356iq1ia68m8dzqxbwfjnpj17qb0d02j-valgrind-3.23.0",
              "default": true
            },
            {
              "name": "man",
              "path": "/nix/store/sha7ai6p7z9s1h2z4h6cxq2lxklnwz17-valgrind-3.23.0-man",
              "default": true
            },
            {
              "name": "doc",
              "path": "/nix/store/39dbzjd6s38a2s1j1w87j1i5gmfyqaqa-valgrind-3.23.0-doc"
            },
            {
              "name": "debug",
              "path": "/nix/store/j2jv82a9valg6rjsbml74lrlnjhz3wzn-valgrind-3.23.0-debug"
            },
            {
              "name": "dev",
              "path": "/nix/store/i2c9zi82q5cgrx6waq5803rzaq5m28l7-valgrind-3.23.0-dev"
            }
          ],
          "store_path": "/nix/store/356iq1ia68m8dzqxbwfjnpj17qb0d02j-valgrind-3.23.0"
        }
      }
    }
  }
}
